
Microsoft Visual Studio Solution File, Format Version 12.00
# Visual Studio 14
VisualStudioVersion = 14.0.25123.0
MinimumVisualStudioVersion = 10.0.40219.1
Project("{FAE04EC0-301F-11D3-BF4B-00C04F79EFBC}") = "SMSView", "SMSView\SMSView.csproj", "{66052743-CB3A-4454-A124-81047B8D14F2}"
EndProject
Project("{FAE04EC0-301F-11D3-BF4B-00C04F79EFBC}") = "SMSViewModel", "SMSViewModel\SMSViewModel.csproj", "{116EF7CE-6540-4BC4-BFA1-F2EA37FDF1FC}"
EndProject
Project("{FAE04EC0-301F-11D3-BF4B-00C04F79EFBC}") = "SMSModel", "SMSModel\SMSModel.csproj", "{B4D23FFF-8692-4D06-85D3-406830D7F34F}"
EndProject
Project("{FAE04EC0-301F-11D3-BF4B-00C04F79EFBC}") = "SMSViewModelTests", "SMSViewModelTests\SMSViewModelTests.csproj", "{41FE7EB5-E716-43FD-9E8F-592C36F1D06A}"
EndProject
Global
	GlobalSection(SolutionConfigurationPlatforms) = preSolution
		Debug|Any CPU = Debug|Any CPU
		Release|Any CPU = Release|Any CPU
	EndGlobalSection
	GlobalSection(ProjectConfigurationPlatforms) = postSolution
		{66052743-CB3A-4454-A124-81047B8D14F2}.Debug|Any CPU.ActiveCfg = Debug|Any CPU
		{66052743-CB3A-4454-A124-81047B8D14F2}.Debug|Any CPU.Build.0 = Debug|Any CPU
		{66052743-CB3A-4454-A124-81047B8D14F2}.Release|Any CPU.ActiveCfg = Release|Any CPU
		{66052743-CB3A-4454-A124-81047B8D14F2}.Release|Any CPU.Build.0 = Release|Any CPU
		{116EF7CE-6540-4BC4-BFA1-F2EA37FDF1FC}.Debug|Any CPU.ActiveCfg = Debug|Any CPU
		{116EF7CE-6540-4BC4-BFA1-F2EA37FDF1FC}.Debug|Any CPU.Build.0 = Debug|Any CPU
		{116EF7CE-6540-4BC4-BFA1-F2EA37FDF1FC}.Release|Any CPU.ActiveCfg = Release|Any CPU
		{116EF7CE-6540-4BC4-BFA1-F2EA37FDF1FC}.Release|Any CPU.Build.0 = Release|Any CPU
		{B4D23FFF-8692-4D06-85D3-406830D7F34F}.Debug|Any CPU.ActiveCfg = Debug|Any CPU
		{B4D23FFF-8692-4D06-85D3-406830D7F34F}.Debug|Any CPU.Build.0 = Debug|Any CPU
		{B4D23FFF-8692-4D06-85D3-406830D7F34F}.Release|Any CPU.ActiveCfg = Release|Any CPU
		{B4D23FFF-8692-4D06-85D3-406830D7F34F}.Release|Any CPU.Build.0 = Release|Any CPU
		{41FE7EB5-E716-43FD-9E8F-592C36F1D06A}.Debug|Any CPU.ActiveCfg = Debug|Any CPU
		{41FE7EB5-E716-43FD-9E8F-592C36F1D06A}.Debug|Any CPU.Build.0 = Debug|Any CPU
		{41FE7EB5-E716-43FD-9E8F-592C36F1D06A}.Release|Any CPU.ActiveCfg = Release|Any CPU
		{41FE7EB5-E716-43FD-9E8F-592C36F1D06A}.Release|Any CPU.Build.0 = Release|Any CPU
	EndGlobalSection
	GlobalSection(SolutionProperties) = preSolution
		HideSolutionNode = FALSE
	EndGlobalSection
EndGlobal
